// !$*UTF8*$!
{
	archiveVersion = 1;
	classes = {
	};
	objectVersion = 46;
	objects = {

/* Begin PBXBuildFile section */
		84A4F72D1AF20FFB0014FDBA /* main.m in Sources */ = {isa = PBXBuildFile; fileRef = 84A4F72C1AF20FFB0014FDBA /* main.m */; };
		84A4F7301AF20FFB0014FDBA /* AppDelegate.m in Sources */ = {isa = PBXBuildFile; fileRef = 84A4F72F1AF20FFB0014FDBA /* AppDelegate.m */; };
		84A4F7331AF20FFB0014FDBA /* ViewController.m in Sources */ = {isa = PBXBuildFile; fileRef = 84A4F7321AF20FFB0014FDBA /* ViewController.m */; };
		84A4F7361AF20FFB0014FDBA /* Main.storyboard in Resources */ = {isa = PBXBuildFile; fileRef = 84A4F7341AF20FFB0014FDBA /* Main.storyboard */; };
		84A4F7381AF20FFB0014FDBA /* Images.xcassets in Resources */ = {isa = PBXBuildFile; fileRef = 84A4F7371AF20FFB0014FDBA /* Images.xcassets */; };
		84A4F73B1AF20FFB0014FDBA /* LaunchScreen.xib in Resources */ = {isa = PBXBuildFile; fileRef = 84A4F7391AF20FFB0014FDBA /* LaunchScreen.xib */; };
		84A4F7471AF20FFB0014FDBA /* GitDemoTests.m in Sources */ = {isa = PBXBuildFile; fileRef = 84A4F7461AF20FFB0014FDBA /* GitDemoTests.m */; };
		84A4F7521AF217C40014FDBA /* TestClass.m in Sources */ = {isa = PBXBuildFile; fileRef = 84A4F7511AF217C40014FDBA /* TestClass.m */; };
/* End PBXBuildFile section */

/* Begin PBXContainerItemProxy section */
		84A4F7411AF20FFB0014FDBA /* PBXContainerItemProxy */ = {
			isa = PBXContainerItemProxy;
			containerPortal = 84A4F71F1AF20FFB0014FDBA /* Project object */;
			proxyType = 1;
			remoteGlobalIDString = 84A4F7261AF20FFB0014FDBA;
			remoteInfo = GitDemo;
		};
/* End PBXContainerItemProxy section */

/* Begin PBXFileReference section */
		84A4F7271AF20FFB0014FDBA /* GitDemo.app */ = {isa = PBXFileReference; explicitFileType = wrapper.application; includeInIndex = 0; path = GitDemo.app; sourceTree = BUILT_PRODUCTS_DIR; };
		84A4F72B1AF20FFB0014FDBA /* Info.plist */ = {isa = PBXFileReference; lastKnownFileType = text.plist.xml; path = Info.plist; sourceTree = "<group>"; };
		84A4F72C1AF20FFB0014FDBA /* main.m */ = {isa = PBXFileReference; lastKnownFileType = sourcecode.c.objc; path = main.m; sourceTree = "<group>"; };
		84A4F72E1AF20FFB0014FDBA /* AppDelegate.h */ = {isa = PBXFileReference; lastKnownFileType = sourcecode.c.h; path = AppDelegate.h; sourceTree = "<group>"; };
		84A4F72F1AF20FFB0014FDBA /* AppDelegate.m */ = {isa = PBXFileReference; lastKnownFileType = sourcecode.c.objc; path = AppDelegate.m; sourceTree = "<group>"; };
		84A4F7311AF20FFB0014FDBA /* ViewController.h */ = {isa = PBXFileReference; lastKnownFileType = sourcecode.c.h; path = ViewController.h; sourceTree = "<group>"; };
		84A4F7321AF20FFB0014FDBA /* ViewController.m */ = {isa = PBXFileReference; lastKnownFileType = sourcecode.c.objc; path = ViewController.m; sourceTree = "<group>"; };
		84A4F7351AF20FFB0014FDBA /* Base */ = {isa = PBXFileReference; lastKnownFileType = file.storyboard; name = Base; path = Base.lproj/Main.storyboard; sourceTree = "<group>"; };
		84A4F7371AF20FFB0014FDBA /* Images.xcassets */ = {isa = PBXFileReference; lastKnownFileType = folder.assetcatalog; path = Images.xcassets; sourceTree = "<group>"; };
		84A4F73A1AF20FFB0014FDBA /* Base */ = {isa = PBXFileReference; lastKnownFileType = file.xib; name = Base; path = Base.lproj/LaunchScreen.xib; sourceTree = "<group>"; };
		84A4F7401AF20FFB0014FDBA /* GitDemoTests.xctest */ = {isa = PBXFileReference; explicitFileType = wrapper.cfbundle; includeInIndex = 0; path = GitDemoTests.xctest; sourceTree = BUILT_PRODUCTS_DIR; };
		84A4F7451AF20FFB0014FDBA /* Info.plist */ = {isa = PBXFileReference; lastKnownFileType = text.plist.xml; path = Info.plist; sourceTree = "<group>"; };
		84A4F7461AF20FFB0014FDBA /* GitDemoTests.m */ = {isa = PBXFileReference; lastKnownFileType = sourcecode.c.objc; path = GitDemoTests.m; sourceTree = "<group>"; };
		84A4F7501AF217C40014FDBA /* TestClass.h */ = {isa = PBXFileReference; fileEncoding = 4; lastKnownFileType = sourcecode.c.h; path = TestClass.h; sourceTree = "<group>"; };
		84A4F7511AF217C40014FDBA /* TestClass.m */ = {isa = PBXFileReference; fileEncoding = 4; lastKnownFileType = sourcecode.c.objc; path = TestClass.m; sourceTree = "<group>"; };
/* End PBXFileReference section */

/* Begin PBXFrameworksBuildPhase section */
		84A4F7241AF20FFB0014FDBA /* Frameworks */ = {
			isa = PBXFrameworksBuildPhase;
			buildActionMask = 2147483647;
			files = (
			);
			runOnlyForDeploymentPostprocessing = 0;
		};
		84A4F73D1AF20FFB0014FDBA /* Frameworks */ = {
			isa = PBXFrameworksBuildPhase;
			buildActionMask = 2147483647;
			files = (
			);
			runOnlyForDeploymentPostprocessing = 0;
		};
/* End PBXFrameworksBuildPhase section */

/* Begin PBXGroup section */
		84A4F71E1AF20FFB0014FDBA = {
			isa = PBXGroup;
			children = (
				84A4F7291AF20FFB0014FDBA /* GitDemo */,
				84A4F7431AF20FFB0014FDBA /* GitDemoTests */,
				84A4F7281AF20FFB0014FDBA /* Products */,
			);
			sourceTree = "<group>";
		};
		84A4F7281AF20FFB0014FDBA /* Products */ = {
			isa = PBXGroup;
			children = (
				84A4F7271AF20FFB0014FDBA /* GitDemo.app */,
				84A4F7401AF20FFB0014FDBA /* GitDemoTests.xctest */,
			);
			name = Products;
			sourceTree = "<group>";
		};
		84A4F7291AF20FFB0014FDBA /* GitDemo */ = {
			isa = PBXGroup;
			children = (
				84A4F72E1AF20FFB0014FDBA /* AppDelegate.h */,
				84A4F72F1AF20FFB0014FDBA /* AppDelegate.m */,
				84A4F7311AF20FFB0014FDBA /* ViewController.h */,
				84A4F7321AF20FFB0014FDBA /* ViewController.m */,
				84A4F7501AF217C40014FDBA /* TestClass.h */,
				84A4F7511AF217C40014FDBA /* TestClass.m */,
				84A4F7341AF20FFB0014FDBA /* Main.storyboard */,
				84A4F7371AF20FFB0014FDBA /* Images.xcassets */,
				84A4F7391AF20FFB0014FDBA /* LaunchScreen.xib */,
				84A4F72A1AF20FFB0014FDBA /* Supporting Files */,
			);
			path = GitDemo;
			sourceTree = "<group>";
		};
		84A4F72A1AF20FFB0014FDBA /* Supporting Files */ = {
			isa = PBXGroup;
			children = (
				84A4F72B1AF20FFB0014FDBA /* Info.plist */,
				84A4F72C1AF20FFB0014FDBA /* main.m */,
			);
			name = "Supporting Files";
			sourceTree = "<group>";
		};
		84A4F7431AF20FFB0014FDBA /* GitDemoTests */ = {
			isa = PBXGroup;
			children = (
				84A4F7461AF20FFB0014FDBA /* GitDemoTests.m */,
				84A4F7441AF20FFB0014FDBA /* Supporting Files */,
			);
			path = GitDemoTests;
			sourceTree = "<group>";
		};
		84A4F7441AF20FFB0014FDBA /* Supporting Files */ = {
			isa = PBXGroup;
			children = (
				84A4F7451AF20FFB0014FDBA /* Info.plist */,
			);
			name = "Supporting Files";
			sourceTree = "<group>";
		};
/* End PBXGroup section */

/* Begin PBXNativeTarget section */
		84A4F7261AF20FFB0014FDBA /* GitDemo */ = {
			isa = PBXNativeTarget;
			buildConfigurationList = 84A4F74A1AF20FFB0014FDBA /* Build configuration list for PBXNativeTarget "GitDemo" */;
			buildPhases = (
				84A4F7231AF20FFB0014FDBA /* Sources */,
				84A4F7241AF20FFB0014FDBA /* Frameworks */,
				84A4F7251AF20FFB0014FDBA /* Resources */,
			);
			buildRules = (
			);
			dependencies = (
			);
			name = GitDemo;
			productName = GitDemo;
			productReference = 84A4F7271AF20FFB0014FDBA /* GitDemo.app */;
			productType = "com.apple.product-type.application";
		};
		84A4F73F1AF20FFB0014FDBA /* GitDemoTests */ = {
			isa = PBXNativeTarget;
			buildConfigurationList = 84A4F74D1AF20FFB0014FDBA /* Build configuration list for PBXNativeTarget "GitDemoTests" */;
			buildPhases = (
				84A4F73C1AF20FFB0014FDBA /* Sources */,
				84A4F73D1AF20FFB0014FDBA /* Frameworks */,
				84A4F73E1AF20FFB0014FDBA /* Resources */,
			);
			buildRules = (
			);
			dependencies = (
				84A4F7421AF20FFB0014FDBA /* PBXTargetDependency */,
			);
			name = GitDemoTests;
			productName = GitDemoTests;
			productReference = 84A4F7401AF20FFB0014FDBA /* GitDemoTests.xctest */;
			productType = "com.apple.product-type.bundle.unit-test";
		};
/* End PBXNativeTarget section */

/* Begin PBXProject section */
		84A4F71F1AF20FFB0014FDBA /* Project object */ = {
			isa = PBXProject;
			attributes = {
				LastUpgradeCheck = 0600;
				ORGANIZATIONNAME = "Norbert Citrak";
				TargetAttributes = {
					84A4F7261AF20FFB0014FDBA = {
						CreatedOnToolsVersion = 6.0.1;
					};
					84A4F73F1AF20FFB0014FDBA = {
						CreatedOnToolsVersion = 6.0.1;
						TestTargetID = 84A4F7261AF20FFB0014FDBA;
					};
				};
			};
			buildConfigurationList = 84A4F7221AF20FFB0014FDBA /* Build configuration list for PBXProject "GitDemo" */;
			compatibilityVersion = "Xcode 3.2";
			developmentRegion = English;
			hasScannedForEncodings = 0;
			knownRegions = (
				en,
				Base,
			);
			mainGroup = 84A4F71E1AF20FFB0014FDBA;
			productRefGroup = 84A4F7281AF20FFB0014FDBA /* Products */;
			projectDirPath = "";
			projectRoot = "";
			targets = (
				84A4F7261AF20FFB0014FDBA /* GitDemo */,
				84A4F73F1AF20FFB0014FDBA /* GitDemoTests */,
			);
		};
/* End PBXProject section */

/* Begin PBXResourcesBuildPhase section */
		84A4F7251AF20FFB0014FDBA /* Resources */ = {
			isa = PBXResourcesBuildPhase;
			buildActionMask = 2147483647;
			files = (
				84A4F7361AF20FFB0014FDBA /* Main.storyboard in Resources */,
				84A4F73B1AF20FFB0014FDBA /* LaunchScreen.xib in Resources */,
				84A4F7381AF20FFB0014FDBA /* Images.xcassets in Resources */,
			);
			runOnlyForDeploymentPostprocessing = 0;
		};
		84A4F73E1AF20FFB0014FDBA /* Resources */ = {
			isa = PBXResourcesBuildPhase;
			buildActionMask = 2147483647;
			files = (
			);
			runOnlyForDeploymentPostprocessing = 0;
		};
/* End PBXResourcesBuildPhase section */

/* Begin PBXSourcesBuildPhase section */
		84A4F7231AF20FFB0014FDBA /* Sources */ = {
			isa = PBXSourcesBuildPhase;
			buildActionMask = 2147483647;
			files = (
				84A4F7521AF217C40014FDBA /* TestClass.m in Sources */,
				84A4F7331AF20FFB0014FDBA /* ViewController.m in Sources */,
				84A4F7301AF20FFB0014FDBA /* AppDelegate.m in Sources */,
				84A4F72D1AF20FFB0014FDBA /* main.m in Sources */,
			);
			runOnlyForDeploymentPostprocessing = 0;
		};
		84A4F73C1AF20FFB0014FDBA /* Sources */ = {
			isa = PBXSourcesBuildPhase;
			buildActionMask = 2147483647;
			files = (
				84A4F7471AF20FFB0014FDBA /* GitDemoTests.m in Sources */,
			);
			runOnlyForDeploymentPostprocessing = 0;
		};
/* End PBXSourcesBuildPhase section */

/* Begin PBXTargetDependency section */
		84A4F7421AF20FFB0014FDBA /* PBXTargetDependency */ = {
			isa = PBXTargetDependency;
			target = 84A4F7261AF20FFB0014FDBA /* GitDemo */;
			targetProxy = 84A4F7411AF20FFB0014FDBA /* PBXContainerItemProxy */;
		};
/* End PBXTargetDependency section */

/* Begin PBXVariantGroup section */
		84A4F7341AF20FFB0014FDBA /* Main.storyboard */ = {
			isa = PBXVariantGroup;
			children = (
				84A4F7351AF20FFB0014FDBA /* Base */,
			);
			name = Main.storyboard;
			sourceTree = "<group>";
		};
		84A4F7391AF20FFB0014FDBA /* LaunchScreen.xib */ = {
			isa = PBXVariantGroup;
			children = (
				84A4F73A1AF20FFB0014FDBA /* Base */,
			);
			name = LaunchScreen.xib;
			sourceTree = "<group>";
		};
/* End PBXVariantGroup section */

/* Begin XCBuildConfiguration section */
		84A4F7481AF20FFB0014FDBA /* Debug */ = {
			isa = XCBuildConfiguration;
			buildSettings = {
				ALWAYS_SEARCH_USER_PATHS = NO;
				CLANG_CXX_LANGUAGE_STANDARD = "gnu++0x";
				CLANG_CXX_LIBRARY = "libc++";
				CLANG_ENABLE_MODULES = YES;
				CLANG_ENABLE_OBJC_ARC = YES;
				CLANG_WARN_BOOL_CONVERSION = YES;
				CLANG_WARN_CONSTANT_CONVERSION = YES;
				CLANG_WARN_DIRECT_OBJC_ISA_USAGE = YES_ERROR;
				CLANG_WARN_EMPTY_BODY = YES;
				CLANG_WARN_ENUM_CONVERSION = YES;
				CLANG_WARN_INT_CONVERSION = YES;
				CLANG_WARN_OBJC_ROOT_CLASS = YES_ERROR;
				CLANG_WARN_UNREACHABLE_CODE = YES;
				CLANG_WARN__DUPLICATE_METHOD_MATCH = YES;
				"CODE_SIGN_IDENTITY[sdk=iphoneos*]" = "iPhone Developer";
				COPY_PHASE_STRIP = NO;
				ENABLE_STRICT_OBJC_MSGSEND = YES;
				GCC_C_LANGUAGE_STANDARD = gnu99;
				GCC_DYNAMIC_NO_PIC = NO;
				GCC_OPTIMIZATION_LEVEL = 0;
				GCC_PREPROCESSOR_DEFINITIONS = (
					"DEBUG=1",
					"$(inherited)",
				);
				GCC_SYMBOLS_PRIVATE_EXTERN = NO;
				GCC_WARN_64_TO_32_BIT_CONVERSION = YES;
				GCC_WARN_ABOUT_RETURN_TYPE = YES_ERROR;
				GCC_WARN_UNDECLARED_SELECTOR = YES;
				GCC_WARN_UNINITIALIZED_AUTOS = YES_AGGRESSIVE;
				GCC_WARN_UNUSED_FUNCTION = YES;
				GCC_WARN_UNUSED_VARIABLE = YES;
				IPHONEOS_DEPLOYMENT_TARGET = 8.0;
				MTL_ENABLE_DEBUG_INFO = YES;
				ONLY_ACTIVE_ARCH = YES;
				SDKROOT = iphoneos;
			};
			name = Debug;
		};
		84A4F7491AF20FFB0014FDBA /* Release */ = {
			isa = XCBuildConfiguration;
			buildSettings = {
				ALWAYS_SEARCH_USER_PATHS = NO;
				CLANG_CXX_LANGUAGE_STANDARD = "gnu++0x";
				CLANG_CXX_LIBRARY = "libc++";
				CLANG_ENABLE_MODULES = YES;
				CLANG_ENABLE_OBJC_ARC = YES;
				CLANG_WARN_BOOL_CONVERSION = YES;
				CLANG_WARN_CONSTANT_CONVERSION = YES;
				CLANG_WARN_DIRECT_OBJC_ISA_USAGE = YES_ERROR;
				CLANG_WARN_EMPTY_BODY = YES;
				CLANG_WARN_ENUM_CONVERSION = YES;
				CLANG_WARN_INT_CONVERSION = YES;
				CLANG_WARN_OBJC_ROOT_CLASS = YES_ERROR;
				CLANG_WARN_UNREACHABLE_CODE = YES;
				CLANG_WARN__DUPLICATE_METHOD_MATCH = YES;
				"CODE_SIGN_IDENTITY[sdk=iphoneos*]" = "iPhone Developer";
				COPY_PHASE_STRIP = YES;
				ENABLE_NS_ASSERTIONS = NO;
				ENABLE_STRICT_OBJC_MSGSEND = YES;
				GCC_C_LANGUAGE_STANDARD = gnu99;
				GCC_WARN_64_TO_32_BIT_CONVERSION = YES;
				GCC_WARN_ABOUT_RETURN_TYPE = YES_ERROR;
				GCC_WARN_UNDECLARED_SELECTOR = YES;
				GCC_WARN_UNINITIALIZED_AUTOS = YES_AGGRESSIVE;
				GCC_WARN_UNUSED_FUNCTION = YES;
				GCC_WARN_UNUSED_VARIABLE = YES;
				IPHONEOS_DEPLOYMENT_TARGET = 8.0;
				MTL_ENABLE_DEBUG_INFO = NO;
				SDKROOT = iphoneos;
				VALIDATE_PRODUCT = YES;
			};
			name = Release;
		};
		84A4F74B1AF20FFB0014FDBA /* Debug */ = {
			isa = XCBuildConfiguration;
			buildSettings = {
				ASSETCATALOG_COMPILER_APPICON_NAME = AppIcon;
				INFOPLIST_FILE = GitDemo/Info.plist;
				LD_RUNPATH_SEARCH_PATHS = "$(inherited) @executable_path/Frameworks";
				PRODUCT_NAME = "$(TARGET_NAME)";
			};
			name = Debug;
		};
		84A4F74C1AF20FFB0014FDBA /* Release */ = {
			isa = XCBuildConfiguration;
			buildSettings = {
				ASSETCATALOG_COMPILER_APPICON_NAME = AppIcon;
				INFOPLIST_FILE = GitDemo/Info.plist;
				LD_RUNPATH_SEARCH_PATHS = "$(inherited) @executable_path/Frameworks";
				PRODUCT_NAME = "$(TARGET_NAME)";
			};
			name = Release;
		};
		84A4F74E1AF20FFB0014FDBA /* Debug */ = {
			isa = XCBuildConfiguration;
			buildSettings = {
				BUNDLE_LOADER = "$(TEST_HOST)";
				FRAMEWORK_SEARCH_PATHS = (
					"$(SDKROOT)/Developer/Library/Frameworks",
					"$(inherited)",
				);
				GCC_PREPROCESSOR_DEFINITIONS = (
					"DEBUG=1",
					"$(inherited)",
				);
				INFOPLIST_FILE = GitDemoTests/Info.plist;
				LD_RUNPATH_SEARCH_PATHS = "$(inherited) @executable_path/Frameworks @loader_path/Frameworks";
				PRODUCT_NAME = "$(TARGET_NAME)";
				TEST_HOST = "$(BUILT_PRODUCTS_DIR)/GitDemo.app/GitDemo";
			};
			name = Debug;
		};
		84A4F74F1AF20FFB0014FDBA /* Release */ = {
			isa = XCBuildConfiguration;
			buildSettings = {
				BUNDLE_LOADER = "$(TEST_HOST)";
				FRAMEWORK_SEARCH_PATHS = (
					"$(SDKROOT)/Developer/Library/Frameworks",
					"$(inherited)",
				);
				INFOPLIST_FILE = GitDemoTests/Info.plist;
				LD_RUNPATH_SEARCH_PATHS = "$(inherited) @executable_path/Frameworks @loader_path/Frameworks";
				PRODUCT_NAME = "$(TARGET_NAME)";
				TEST_HOST = "$(BUILT_PRODUCTS_DIR)/GitDemo.app/GitDemo";
			};
			name = Release;
		};
/* End XCBuildConfiguration section */

/* Begin XCConfigurationList section */
		84A4F7221AF20FFB0014FDBA /* Build configuration list for PBXProject "GitDemo" */ = {
			isa = XCConfigurationList;
			buildConfigurations = (
				84A4F7481AF20FFB0014FDBA /* Debug */,
				84A4F7491AF20FFB0014FDBA /* Release */,
			);
			defaultConfigurationIsVisible = 0;
			defaultConfigurationName = Release;
		};
		84A4F74A1AF20FFB0014FDBA /* Build configuration list for PBXNativeTarget "GitDemo" */ = {
			isa = XCConfigurationList;
			buildConfigurations = (
				84A4F74B1AF20FFB0014FDBA /* Debug */,
				84A4F74C1AF20FFB0014FDBA /* Release */,
			);
			defaultConfigurationIsVisible = 0;
		};
		84A4F74D1AF20FFB0014FDBA /* Build configuration list for PBXNativeTarget "GitDemoTests" */ = {
			isa = XCConfigurationList;
			buildConfigurations = (
				84A4F74E1AF20FFB0014FDBA /* Debug */,
				84A4F74F1AF20FFB0014FDBA /* Release */,
			);
			defaultConfigurationIsVisible = 0;
		};
/* End XCConfigurationList section */
	};
	rootObject = 84A4F71F1AF20FFB0014FDBA /* Project object */;
}
